{
    "name": "root",
    "requires": true,
    "lockfileVersion": 1,
    "dependencies": {
        "edit-json-file": {
            "version": "1.4.1",
            "resolved": "https://registry.npmjs.org/edit-json-file/-/edit-json-file-1.4.1.tgz",
            "integrity": "sha512-YqnKYc2+F+j4Y0qGVKY36Qzb7zusQnQU3JFyqDAZU+vVdtPPqrFtVytsTsCC2kMej5I0BkUCCfPMQq6w5j+cBg==",
            "dev": true,
            "requires": {
                "find-value": "^1.0.3",
                "iterate-object": "^1.3.2",
                "r-json": "^1.2.5",
                "set-value": "^3.0.1",
                "w-json": "^1.3.5"
            }
        },
        "find-value": {
            "version": "1.0.12",
            "resolved": "https://registry.npmjs.org/find-value/-/find-value-1.0.12.tgz",
            "integrity": "sha512-OCpo8LTk8eZ2sdDCwbU2Lc3ivYsdM6yod6jP2jHcNEFcjPhkgH0+POzTIol7xx1LZgtbI5rkO5jqxsG5MWtPjQ==",
            "dev": true
        },
        "is-plain-object": {
            "version": "2.0.4",
            "resolved": "https://registry.npmjs.org/is-plain-object/-/is-plain-object-2.0.4.tgz",
            "integrity": "sha512-h5PpgXkWitc38BBMYawTYMWJHFZJVnBquFE57xFpjB8pJFiF6gZ+bU+WyI/yqXiFR5mdLsgYNaPe8uao6Uv9Og==",
            "dev": true,
            "requires": {
                "isobject": "^3.0.1"
            }
        },
        "isobject": {
            "version": "3.0.1",
            "resolved": "https://registry.npmjs.org/isobject/-/isobject-3.0.1.tgz",
            "integrity": "sha1-TkMekrEalzFjaqH5yNHMvP2reN8=",
            "dev": true
        },
        "iterate-object": {
            "version": "1.3.4",
            "resolved": "https://registry.npmjs.org/iterate-object/-/iterate-object-1.3.4.tgz",
            "integrity": "sha512-4dG1D1x/7g8PwHS9aK6QV5V94+ZvyP4+d19qDv43EzImmrndysIl4prmJ1hWWIGCqrZHyaHBm6BSEWHOLnpoNw==",
            "dev": true
        },
        "minimist": {
            "version": "1.2.5",
            "resolved": "https://registry.npmjs.org/minimist/-/minimist-1.2.5.tgz",
            "integrity": "sha512-FM9nNUYrRBAELZQT3xeZQ7fmMOBg6nWNmJKTcgsJeaLstP/UODVpGsr5OhXhhXg6f+qtJ8uiZ+PUxkDWcgIXLw==",
            "dev": true
        },
        "r-json": {
            "version": "1.2.10",
            "resolved": "https://registry.npmjs.org/r-json/-/r-json-1.2.10.tgz",
            "integrity": "sha512-hu9vyLjSlHXT62NAS7DjI9WazDlvjN0lgp3n431dCVnirVcLkZIpzSwA3orhZEKzdDD2jqNYI+w0yG0aFf4kpA==",
            "dev": true
        },
        "set-value": {
            "version": "3.0.2",
            "resolved": "https://registry.npmjs.org/set-value/-/set-value-3.0.2.tgz",
            "integrity": "sha512-npjkVoz+ank0zjlV9F47Fdbjfj/PfXyVhZvGALWsyIYU/qrMzpi6avjKW3/7KeSU2Df3I46BrN1xOI1+6vW0hA==",
            "dev": true,
            "requires": {
                "is-plain-object": "^2.0.4"
            }
        },
        "w-json": {
            "version": "1.3.10",
            "resolved": "https://registry.npmjs.org/w-json/-/w-json-1.3.10.tgz",
            "integrity": "sha512-XadVyw0xE+oZ5FGApXsdswv96rOhStzKqL53uSe5UaTadABGkWIg1+DTx8kiZ/VqTZTBneoL0l65RcPe4W3ecw==",
            "dev": true
        }
    }
}
